
Microsoft Visual Studio Solution File, Format Version 12.00
# Visual Studio Version 18
VisualStudioVersion = 18.1.11312.151
MinimumVisualStudioVersion = 10.0.40219.1
Project("{FAE04EC0-301F-11D3-BF4B-00C04F79EFBC}") = "UI-Tweaks", "src\UI-Tweaks\UI-Tweaks.csproj", "{CB2100BC-F653-402A-9FBA-EA463C2BD4FC}"
EndProject
Project("{2150E333-8FDC-42A3-9474-1A3956D46DE8}") = "src", "src", "{86D89413-5D57-4798-A1E1-A4909F3C7B22}"
EndProject
Project("{2150E333-8FDC-42A3-9474-1A3956D46DE8}") = "tests", "tests", "{443C801B-6E87-4E03-A3A1-7B190DF692B2}"
EndProject
Project("{FAE04EC0-301F-11D3-BF4B-00C04F79EFBC}") = "UI-Tweaks.Tests", "tests\UI-Tweaks.Tests\UI-Tweaks.Tests.csproj", "{BD679ADB-3DEB-4651-83EE-3F4521A9C19B}"
EndProject
Project("{2150E333-8FDC-42A3-9474-1A3956D46DE8}") = "sln", "sln", "{D9C5F0C3-4E1C-4963-BE96-077988EABD5E}"
	ProjectSection(SolutionItems) = preProject
		.editorconfig = .editorconfig
		.gitignore = .gitignore
		README.md = README.md
	EndProjectSection
EndProject
Project("{2150E333-8FDC-42A3-9474-1A3956D46DE8}") = "docs", "docs", "{3CD451C1-DDE4-4594-AE82-41DAC0BE75B3}"
	ProjectSection(SolutionItems) = preProject
		docs\book.toml = docs\book.toml
	EndProjectSection
EndProject
Project("{2150E333-8FDC-42A3-9474-1A3956D46DE8}") = "src", "src", "{A2469B22-50BE-4BA6-BBF8-20C228328DF2}"
	ProjectSection(SolutionItems) = preProject
		docs\src\01.overview.md = docs\src\01.overview.md
		docs\src\02.features.md = docs\src\02.features.md
		docs\src\03.compatibility.md = docs\src\03.compatibility.md
		docs\src\04.installation.md = docs\src\04.installation.md
		docs\src\05.configuration.md = docs\src\05.configuration.md
		docs\src\06.contributing.md = docs\src\06.contributing.md
		docs\src\SUMMARY.md = docs\src\SUMMARY.md
	EndProjectSection
EndProject
Project("{2150E333-8FDC-42A3-9474-1A3956D46DE8}") = "assets", "assets", "{AEC69437-433F-4707-B8D6-0B9C28F92439}"
EndProject
Project("{2150E333-8FDC-42A3-9474-1A3956D46DE8}") = "uitweaks", "uitweaks", "{EA92A5AB-76E4-47D7-8B56-455B2828736B}"
EndProject
Project("{2150E333-8FDC-42A3-9474-1A3956D46DE8}") = "lang", "lang", "{BFFBEC8D-2F8E-4909-9CC8-7BEB32194342}"
	ProjectSection(SolutionItems) = preProject
		assets\uitweaks\lang\en.json = assets\uitweaks\lang\en.json
	EndProjectSection
EndProject
Project("{2150E333-8FDC-42A3-9474-1A3956D46DE8}") = "mod", "mod", "{46C317E1-2806-40B5-8689-DBEF2C75B898}"
EndProject
Project("{2150E333-8FDC-42A3-9474-1A3956D46DE8}") = "uitweaks", "uitweaks", "{B31B726E-4571-48C8-916A-DB9C2B20851F}"
	ProjectSection(SolutionItems) = preProject
		mod\uitweaks\modicon.png = mod\uitweaks\modicon.png
		mod\uitweaks\modinfo.json = mod\uitweaks\modinfo.json
	EndProjectSection
EndProject
Project("{2150E333-8FDC-42A3-9474-1A3956D46DE8}") = ".github", ".github", "{E072BA10-52AB-4858-B11A-E11EB7D034E8}"
EndProject
Project("{2150E333-8FDC-42A3-9474-1A3956D46DE8}") = "workflows", "workflows", "{D4AA5213-3696-4CDE-B035-B5563ECB7491}"
	ProjectSection(SolutionItems) = preProject
		.github\workflows\docs.yml = .github\workflows\docs.yml
		.github\workflows\release.yml = .github\workflows\release.yml
		.github\workflows\test.yml = .github\workflows\test.yml
	EndProjectSection
EndProject
Global
	GlobalSection(SolutionConfigurationPlatforms) = preSolution
		Debug|Any CPU = Debug|Any CPU
		Release|Any CPU = Release|Any CPU
	EndGlobalSection
	GlobalSection(ProjectConfigurationPlatforms) = postSolution
		{CB2100BC-F653-402A-9FBA-EA463C2BD4FC}.Debug|Any CPU.ActiveCfg = Debug|Any CPU
		{CB2100BC-F653-402A-9FBA-EA463C2BD4FC}.Debug|Any CPU.Build.0 = Debug|Any CPU
		{CB2100BC-F653-402A-9FBA-EA463C2BD4FC}.Release|Any CPU.ActiveCfg = Release|Any CPU
		{CB2100BC-F653-402A-9FBA-EA463C2BD4FC}.Release|Any CPU.Build.0 = Release|Any CPU
		{BD679ADB-3DEB-4651-83EE-3F4521A9C19B}.Debug|Any CPU.ActiveCfg = Debug|Any CPU
		{BD679ADB-3DEB-4651-83EE-3F4521A9C19B}.Debug|Any CPU.Build.0 = Debug|Any CPU
		{BD679ADB-3DEB-4651-83EE-3F4521A9C19B}.Release|Any CPU.ActiveCfg = Release|Any CPU
		{BD679ADB-3DEB-4651-83EE-3F4521A9C19B}.Release|Any CPU.Build.0 = Release|Any CPU
	EndGlobalSection
	GlobalSection(SolutionProperties) = preSolution
		HideSolutionNode = FALSE
	EndGlobalSection
	GlobalSection(NestedProjects) = preSolution
		{CB2100BC-F653-402A-9FBA-EA463C2BD4FC} = {86D89413-5D57-4798-A1E1-A4909F3C7B22}
		{BD679ADB-3DEB-4651-83EE-3F4521A9C19B} = {443C801B-6E87-4E03-A3A1-7B190DF692B2}
		{A2469B22-50BE-4BA6-BBF8-20C228328DF2} = {3CD451C1-DDE4-4594-AE82-41DAC0BE75B3}
		{EA92A5AB-76E4-47D7-8B56-455B2828736B} = {AEC69437-433F-4707-B8D6-0B9C28F92439}
		{BFFBEC8D-2F8E-4909-9CC8-7BEB32194342} = {EA92A5AB-76E4-47D7-8B56-455B2828736B}
		{B31B726E-4571-48C8-916A-DB9C2B20851F} = {46C317E1-2806-40B5-8689-DBEF2C75B898}
		{D4AA5213-3696-4CDE-B035-B5563ECB7491} = {E072BA10-52AB-4858-B11A-E11EB7D034E8}
	EndGlobalSection
	GlobalSection(ExtensibilityGlobals) = postSolution
		SolutionGuid = {3B4A6136-C930-461B-A957-1875D0E1D80D}
	EndGlobalSection
EndGlobal
